// !$*UTF8*$!
{
	archiveVersion = 1;
	classes = {
	};
	objectVersion = 56;
	objects = {

/* Begin PBXBuildFile section */
		4C2F9BB3445FBE23719BA529 /* Pods_Appstore.framework in Frameworks */ = {isa = PBXBuildFile; fileRef = 5912326E6FD4866A190E8F1D /* Pods_Appstore.framework */; };
		B184CB262A83C33E00BEF995 /* AppDelegate.swift in Sources */ = {isa = PBXBuildFile; fileRef = B184CB252A83C33E00BEF995 /* AppDelegate.swift */; };
		B184CB282A83C33E00BEF995 /* SceneDelegate.swift in Sources */ = {isa = PBXBuildFile; fileRef = B184CB272A83C33E00BEF995 /* SceneDelegate.swift */; };
		B184CB2F2A83C33F00BEF995 /* Assets.xcassets in Resources */ = {isa = PBXBuildFile; fileRef = B184CB2E2A83C33F00BEF995 /* Assets.xcassets */; };
		B184CB322A83C33F00BEF995 /* LaunchScreen.storyboard in Resources */ = {isa = PBXBuildFile; fileRef = B184CB302A83C33F00BEF995 /* LaunchScreen.storyboard */; };
		B184CB402A83CDB000BEF995 /* BaseTabBarController.swift in Sources */ = {isa = PBXBuildFile; fileRef = B184CB3F2A83CDB000BEF995 /* BaseTabBarController.swift */; };
/* End PBXBuildFile section */

/* Begin PBXFileReference section */
		5912326E6FD4866A190E8F1D /* Pods_Appstore.framework */ = {isa = PBXFileReference; explicitFileType = wrapper.framework; includeInIndex = 0; path = Pods_Appstore.framework; sourceTree = BUILT_PRODUCTS_DIR; };
		871FD6B0BDF5645557B15378 /* Pods-Appstore.debug.xcconfig */ = {isa = PBXFileReference; includeInIndex = 1; lastKnownFileType = text.xcconfig; name = "Pods-Appstore.debug.xcconfig"; path = "Target Support Files/Pods-Appstore/Pods-Appstore.debug.xcconfig"; sourceTree = "<group>"; };
		B184CB222A83C33E00BEF995 /* Appstore.app */ = {isa = PBXFileReference; explicitFileType = wrapper.application; includeInIndex = 0; path = Appstore.app; sourceTree = BUILT_PRODUCTS_DIR; };
		B184CB252A83C33E00BEF995 /* AppDelegate.swift */ = {isa = PBXFileReference; lastKnownFileType = sourcecode.swift; path = AppDelegate.swift; sourceTree = "<group>"; };
		B184CB272A83C33E00BEF995 /* SceneDelegate.swift */ = {isa = PBXFileReference; lastKnownFileType = sourcecode.swift; path = SceneDelegate.swift; sourceTree = "<group>"; };
		B184CB2E2A83C33F00BEF995 /* Assets.xcassets */ = {isa = PBXFileReference; lastKnownFileType = folder.assetcatalog; path = Assets.xcassets; sourceTree = "<group>"; };
		B184CB312A83C33F00BEF995 /* Base */ = {isa = PBXFileReference; lastKnownFileType = file.storyboard; name = Base; path = Base.lproj/LaunchScreen.storyboard; sourceTree = "<group>"; };
		B184CB332A83C33F00BEF995 /* Info.plist */ = {isa = PBXFileReference; lastKnownFileType = text.plist.xml; path = Info.plist; sourceTree = "<group>"; };
		B184CB3F2A83CDB000BEF995 /* BaseTabBarController.swift */ = {isa = PBXFileReference; lastKnownFileType = sourcecode.swift; path = BaseTabBarController.swift; sourceTree = "<group>"; };
		DC9D9EE83F1437B28266935A /* Pods-Appstore.release.xcconfig */ = {isa = PBXFileReference; includeInIndex = 1; lastKnownFileType = text.xcconfig; name = "Pods-Appstore.release.xcconfig"; path = "Target Support Files/Pods-Appstore/Pods-Appstore.release.xcconfig"; sourceTree = "<group>"; };
/* End PBXFileReference section */

/* Begin PBXFrameworksBuildPhase section */
		B184CB1F2A83C33E00BEF995 /* Frameworks */ = {
			isa = PBXFrameworksBuildPhase;
			buildActionMask = 2147483647;
			files = (
				4C2F9BB3445FBE23719BA529 /* Pods_Appstore.framework in Frameworks */,
			);
			runOnlyForDeploymentPostprocessing = 0;
		};
/* End PBXFrameworksBuildPhase section */

/* Begin PBXGroup section */
		2BA3F10FBF4DD7843E0E4AB7 /* Frameworks */ = {
			isa = PBXGroup;
			children = (
				5912326E6FD4866A190E8F1D /* Pods_Appstore.framework */,
			);
			name = Frameworks;
			sourceTree = "<group>";
		};
		A56FD512D7EC36B3A2C9EDAC /* Pods */ = {
			isa = PBXGroup;
			children = (
				871FD6B0BDF5645557B15378 /* Pods-Appstore.debug.xcconfig */,
				DC9D9EE83F1437B28266935A /* Pods-Appstore.release.xcconfig */,
			);
			path = Pods;
			sourceTree = "<group>";
		};
		B184CB192A83C33E00BEF995 = {
			isa = PBXGroup;
			children = (
				B184CB242A83C33E00BEF995 /* Appstore */,
				B184CB232A83C33E00BEF995 /* Products */,
				A56FD512D7EC36B3A2C9EDAC /* Pods */,
				2BA3F10FBF4DD7843E0E4AB7 /* Frameworks */,
			);
			sourceTree = "<group>";
		};
		B184CB232A83C33E00BEF995 /* Products */ = {
			isa = PBXGroup;
			children = (
				B184CB222A83C33E00BEF995 /* Appstore.app */,
			);
			name = Products;
			sourceTree = "<group>";
		};
		B184CB242A83C33E00BEF995 /* Appstore */ = {
			isa = PBXGroup;
			children = (
				B184CB3E2A83CD3200BEF995 /* Resources */,
				B184CB3D2A83CD2B00BEF995 /* Service */,
				B184CB3C2A83CD1F00BEF995 /* Helpers */,
				B184CB3B2A83CD1100BEF995 /* View */,
				B184CB3A2A83CD0A00BEF995 /* Model */,
				B184CB392A83CCFB00BEF995 /* Controller */,
			);
			path = Appstore;
			sourceTree = "<group>";
		};
		B184CB392A83CCFB00BEF995 /* Controller */ = {
			isa = PBXGroup;
			children = (
				B184CB3F2A83CDB000BEF995 /* BaseTabBarController.swift */,
			);
			path = Controller;
			sourceTree = "<group>";
		};
		B184CB3A2A83CD0A00BEF995 /* Model */ = {
			isa = PBXGroup;
			children = (
			);
			path = Model;
			sourceTree = "<group>";
		};
		B184CB3B2A83CD1100BEF995 /* View */ = {
			isa = PBXGroup;
			children = (
				B184CB302A83C33F00BEF995 /* LaunchScreen.storyboard */,
			);
			path = View;
			sourceTree = "<group>";
		};
		B184CB3C2A83CD1F00BEF995 /* Helpers */ = {
			isa = PBXGroup;
			children = (
			);
			path = Helpers;
			sourceTree = "<group>";
		};
		B184CB3D2A83CD2B00BEF995 /* Service */ = {
			isa = PBXGroup;
			children = (
			);
			path = Service;
			sourceTree = "<group>";
		};
		B184CB3E2A83CD3200BEF995 /* Resources */ = {
			isa = PBXGroup;
			children = (
				B184CB332A83C33F00BEF995 /* Info.plist */,
				B184CB2E2A83C33F00BEF995 /* Assets.xcassets */,
				B184CB252A83C33E00BEF995 /* AppDelegate.swift */,
				B184CB272A83C33E00BEF995 /* SceneDelegate.swift */,
			);
			path = Resources;
			sourceTree = "<group>";
		};
/* End PBXGroup section */

/* Begin PBXNativeTarget section */
		B184CB212A83C33E00BEF995 /* Appstore */ = {
			isa = PBXNativeTarget;
			buildConfigurationList = B184CB362A83C33F00BEF995 /* Build configuration list for PBXNativeTarget "Appstore" */;
			buildPhases = (
				BBCD9BA42D444D1463813253 /* [CP] Check Pods Manifest.lock */,
				B184CB1E2A83C33E00BEF995 /* Sources */,
				B184CB1F2A83C33E00BEF995 /* Frameworks */,
				B184CB202A83C33E00BEF995 /* Resources */,
				A93EC0B9CF4CB0487E8DA558 /* [CP] Embed Pods Frameworks */,
			);
			buildRules = (
			);
			dependencies = (
			);
			name = Appstore;
			productName = Appstore;
			productReference = B184CB222A83C33E00BEF995 /* Appstore.app */;
			productType = "com.apple.product-type.application";
		};
/* End PBXNativeTarget section */

/* Begin PBXProject section */
		B184CB1A2A83C33E00BEF995 /* Project object */ = {
			isa = PBXProject;
			attributes = {
				BuildIndependentTargetsInParallel = 1;
				LastSwiftUpdateCheck = 1420;
				LastUpgradeCheck = 1420;
				TargetAttributes = {
					B184CB212A83C33E00BEF995 = {
						CreatedOnToolsVersion = 14.2;
					};
				};
			};
			buildConfigurationList = B184CB1D2A83C33E00BEF995 /* Build configuration list for PBXProject "Appstore" */;
			compatibilityVersion = "Xcode 14.0";
			developmentRegion = en;
			hasScannedForEncodings = 0;
			knownRegions = (
				en,
				Base,
			);
			mainGroup = B184CB192A83C33E00BEF995;
			productRefGroup = B184CB232A83C33E00BEF995 /* Products */;
			projectDirPath = "";
			projectRoot = "";
			targets = (
				B184CB212A83C33E00BEF995 /* Appstore */,
			);
		};
/* End PBXProject section */

/* Begin PBXResourcesBuildPhase section */
		B184CB202A83C33E00BEF995 /* Resources */ = {
			isa = PBXResourcesBuildPhase;
			buildActionMask = 2147483647;
			files = (
				B184CB322A83C33F00BEF995 /* LaunchScreen.storyboard in Resources */,
				B184CB2F2A83C33F00BEF995 /* Assets.xcassets in Resources */,
			);
			runOnlyForDeploymentPostprocessing = 0;
		};
/* End PBXResourcesBuildPhase section */

/* Begin PBXShellScriptBuildPhase section */
		A93EC0B9CF4CB0487E8DA558 /* [CP] Embed Pods Frameworks */ = {
			isa = PBXShellScriptBuildPhase;
			buildActionMask = 2147483647;
			files = (
			);
			inputFileListPaths = (
				"${PODS_ROOT}/Target Support Files/Pods-Appstore/Pods-Appstore-frameworks-${CONFIGURATION}-input-files.xcfilelist",
			);
			name = "[CP] Embed Pods Frameworks";
			outputFileListPaths = (
				"${PODS_ROOT}/Target Support Files/Pods-Appstore/Pods-Appstore-frameworks-${CONFIGURATION}-output-files.xcfilelist",
			);
			runOnlyForDeploymentPostprocessing = 0;
			shellPath = /bin/sh;
			shellScript = "\"${PODS_ROOT}/Target Support Files/Pods-Appstore/Pods-Appstore-frameworks.sh\"\n";
			showEnvVarsInLog = 0;
		};
		BBCD9BA42D444D1463813253 /* [CP] Check Pods Manifest.lock */ = {
			isa = PBXShellScriptBuildPhase;
			buildActionMask = 2147483647;
			files = (
			);
			inputFileListPaths = (
			);
			inputPaths = (
				"${PODS_PODFILE_DIR_PATH}/Podfile.lock",
				"${PODS_ROOT}/Manifest.lock",
			);
			name = "[CP] Check Pods Manifest.lock";
			outputFileListPaths = (
			);
			outputPaths = (
				"$(DERIVED_FILE_DIR)/Pods-Appstore-checkManifestLockResult.txt",
			);
			runOnlyForDeploymentPostprocessing = 0;
			shellPath = /bin/sh;
			shellScript = "diff \"${PODS_PODFILE_DIR_PATH}/Podfile.lock\" \"${PODS_ROOT}/Manifest.lock\" > /dev/null\nif [ $? != 0 ] ; then\n    # print error to STDERR\n    echo \"error: The sandbox is not in sync with the Podfile.lock. Run 'pod install' or update your CocoaPods installation.\" >&2\n    exit 1\nfi\n# This output is used by Xcode 'outputs' to avoid re-running this script phase.\necho \"SUCCESS\" > \"${SCRIPT_OUTPUT_FILE_0}\"\n";
			showEnvVarsInLog = 0;
		};
/* End PBXShellScriptBuildPhase section */

/* Begin PBXSourcesBuildPhase section */
		B184CB1E2A83C33E00BEF995 /* Sources */ = {
			isa = PBXSourcesBuildPhase;
			buildActionMask = 2147483647;
			files = (
				B184CB262A83C33E00BEF995 /* AppDelegate.swift in Sources */,
				B184CB282A83C33E00BEF995 /* SceneDelegate.swift in Sources */,
				B184CB402A83CDB000BEF995 /* BaseTabBarController.swift in Sources */,
			);
			runOnlyForDeploymentPostprocessing = 0;
		};
/* End PBXSourcesBuildPhase section */

/* Begin PBXVariantGroup section */
		B184CB302A83C33F00BEF995 /* LaunchScreen.storyboard */ = {
			isa = PBXVariantGroup;
			children = (
				B184CB312A83C33F00BEF995 /* Base */,
			);
			name = LaunchScreen.storyboard;
			sourceTree = "<group>";
		};
/* End PBXVariantGroup section */

/* Begin XCBuildConfiguration section */
		B184CB342A83C33F00BEF995 /* Debug */ = {
			isa = XCBuildConfiguration;
			buildSettings = {
				ALWAYS_SEARCH_USER_PATHS = NO;
				CLANG_ANALYZER_NONNULL = YES;
				CLANG_ANALYZER_NUMBER_OBJECT_CONVERSION = YES_AGGRESSIVE;
				CLANG_CXX_LANGUAGE_STANDARD = "gnu++20";
				CLANG_ENABLE_MODULES = YES;
				CLANG_ENABLE_OBJC_ARC = YES;
				CLANG_ENABLE_OBJC_WEAK = YES;
				CLANG_WARN_BLOCK_CAPTURE_AUTORELEASING = YES;
				CLANG_WARN_BOOL_CONVERSION = YES;
				CLANG_WARN_COMMA = YES;
				CLANG_WARN_CONSTANT_CONVERSION = YES;
				CLANG_WARN_DEPRECATED_OBJC_IMPLEMENTATIONS = YES;
				CLANG_WARN_DIRECT_OBJC_ISA_USAGE = YES_ERROR;
				CLANG_WARN_DOCUMENTATION_COMMENTS = YES;
				CLANG_WARN_EMPTY_BODY = YES;
				CLANG_WARN_ENUM_CONVERSION = YES;
				CLANG_WARN_INFINITE_RECURSION = YES;
				CLANG_WARN_INT_CONVERSION = YES;
				CLANG_WARN_NON_LITERAL_NULL_CONVERSION = YES;
				CLANG_WARN_OBJC_IMPLICIT_RETAIN_SELF = YES;
				CLANG_WARN_OBJC_LITERAL_CONVERSION = YES;
				CLANG_WARN_OBJC_ROOT_CLASS = YES_ERROR;
				CLANG_WARN_QUOTED_INCLUDE_IN_FRAMEWORK_HEADER = YES;
				CLANG_WARN_RANGE_LOOP_ANALYSIS = YES;
				CLANG_WARN_STRICT_PROTOTYPES = YES;
				CLANG_WARN_SUSPICIOUS_MOVE = YES;
				CLANG_WARN_UNGUARDED_AVAILABILITY = YES_AGGRESSIVE;
				CLANG_WARN_UNREACHABLE_CODE = YES;
				CLANG_WARN__DUPLICATE_METHOD_MATCH = YES;
				COPY_PHASE_STRIP = NO;
				DEBUG_INFORMATION_FORMAT = dwarf;
				ENABLE_STRICT_OBJC_MSGSEND = YES;
				ENABLE_TESTABILITY = YES;
				GCC_C_LANGUAGE_STANDARD = gnu11;
				GCC_DYNAMIC_NO_PIC = NO;
				GCC_NO_COMMON_BLOCKS = YES;
				GCC_OPTIMIZATION_LEVEL = 0;
				GCC_PREPROCESSOR_DEFINITIONS = (
					"DEBUG=1",
					"$(inherited)",
				);
				GCC_WARN_64_TO_32_BIT_CONVERSION = YES;
				GCC_WARN_ABOUT_RETURN_TYPE = YES_ERROR;
				GCC_WARN_UNDECLARED_SELECTOR = YES;
				GCC_WARN_UNINITIALIZED_AUTOS = YES_AGGRESSIVE;
				GCC_WARN_UNUSED_FUNCTION = YES;
				GCC_WARN_UNUSED_VARIABLE = YES;
				IPHONEOS_DEPLOYMENT_TARGET = 16.2;
				MTL_ENABLE_DEBUG_INFO = INCLUDE_SOURCE;
				MTL_FAST_MATH = YES;
				ONLY_ACTIVE_ARCH = YES;
				SDKROOT = iphoneos;
				SWIFT_ACTIVE_COMPILATION_CONDITIONS = DEBUG;
				SWIFT_OPTIMIZATION_LEVEL = "-Onone";
			};
			name = Debug;
		};
		B184CB352A83C33F00BEF995 /* Release */ = {
			isa = XCBuildConfiguration;
			buildSettings = {
				ALWAYS_SEARCH_USER_PATHS = NO;
				CLANG_ANALYZER_NONNULL = YES;
				CLANG_ANALYZER_NUMBER_OBJECT_CONVERSION = YES_AGGRESSIVE;
				CLANG_CXX_LANGUAGE_STANDARD = "gnu++20";
				CLANG_ENABLE_MODULES = YES;
				CLANG_ENABLE_OBJC_ARC = YES;
				CLANG_ENABLE_OBJC_WEAK = YES;
				CLANG_WARN_BLOCK_CAPTURE_AUTORELEASING = YES;
				CLANG_WARN_BOOL_CONVERSION = YES;
				CLANG_WARN_COMMA = YES;
				CLANG_WARN_CONSTANT_CONVERSION = YES;
				CLANG_WARN_DEPRECATED_OBJC_IMPLEMENTATIONS = YES;
				CLANG_WARN_DIRECT_OBJC_ISA_USAGE = YES_ERROR;
				CLANG_WARN_DOCUMENTATION_COMMENTS = YES;
				CLANG_WARN_EMPTY_BODY = YES;
				CLANG_WARN_ENUM_CONVERSION = YES;
				CLANG_WARN_INFINITE_RECURSION = YES;
				CLANG_WARN_INT_CONVERSION = YES;
				CLANG_WARN_NON_LITERAL_NULL_CONVERSION = YES;
				CLANG_WARN_OBJC_IMPLICIT_RETAIN_SELF = YES;
				CLANG_WARN_OBJC_LITERAL_CONVERSION = YES;
				CLANG_WARN_OBJC_ROOT_CLASS = YES_ERROR;
				CLANG_WARN_QUOTED_INCLUDE_IN_FRAMEWORK_HEADER = YES;
				CLANG_WARN_RANGE_LOOP_ANALYSIS = YES;
				CLANG_WARN_STRICT_PROTOTYPES = YES;
				CLANG_WARN_SUSPICIOUS_MOVE = YES;
				CLANG_WARN_UNGUARDED_AVAILABILITY = YES_AGGRESSIVE;
				CLANG_WARN_UNREACHABLE_CODE = YES;
				CLANG_WARN__DUPLICATE_METHOD_MATCH = YES;
				COPY_PHASE_STRIP = NO;
				DEBUG_INFORMATION_FORMAT = "dwarf-with-dsym";
				ENABLE_NS_ASSERTIONS = NO;
				ENABLE_STRICT_OBJC_MSGSEND = YES;
				GCC_C_LANGUAGE_STANDARD = gnu11;
				GCC_NO_COMMON_BLOCKS = YES;
				GCC_WARN_64_TO_32_BIT_CONVERSION = YES;
				GCC_WARN_ABOUT_RETURN_TYPE = YES_ERROR;
				GCC_WARN_UNDECLARED_SELECTOR = YES;
				GCC_WARN_UNINITIALIZED_AUTOS = YES_AGGRESSIVE;
				GCC_WARN_UNUSED_FUNCTION = YES;
				GCC_WARN_UNUSED_VARIABLE = YES;
				IPHONEOS_DEPLOYMENT_TARGET = 16.2;
				MTL_ENABLE_DEBUG_INFO = NO;
				MTL_FAST_MATH = YES;
				SDKROOT = iphoneos;
				SWIFT_COMPILATION_MODE = wholemodule;
				SWIFT_OPTIMIZATION_LEVEL = "-O";
				VALIDATE_PRODUCT = YES;
			};
			name = Release;
		};
		B184CB372A83C33F00BEF995 /* Debug */ = {
			isa = XCBuildConfiguration;
			baseConfigurationReference = 871FD6B0BDF5645557B15378 /* Pods-Appstore.debug.xcconfig */;
			buildSettings = {
				ASSETCATALOG_COMPILER_APPICON_NAME = AppIcon;
				ASSETCATALOG_COMPILER_GLOBAL_ACCENT_COLOR_NAME = AccentColor;
				CODE_SIGN_STYLE = Automatic;
				CURRENT_PROJECT_VERSION = 1;
				DEVELOPMENT_TEAM = WMC779X7J9;
				GENERATE_INFOPLIST_FILE = YES;
				INFOPLIST_FILE = Appstore/Resources/Info.plist;
				INFOPLIST_KEY_UIApplicationSupportsIndirectInputEvents = YES;
				INFOPLIST_KEY_UILaunchStoryboardName = LaunchScreen;
				INFOPLIST_KEY_UIMainStoryboardFile = Main;
				INFOPLIST_KEY_UISupportedInterfaceOrientations = UIInterfaceOrientationPortrait;
				INFOPLIST_KEY_UIUserInterfaceStyle = Light;
				IPHONEOS_DEPLOYMENT_TARGET = 13.0;
				LD_RUNPATH_SEARCH_PATHS = (
					"$(inherited)",
					"@executable_path/Frameworks",
				);
				MARKETING_VERSION = 1.0;
				PRODUCT_BUNDLE_IDENTIFIER = com.francisAcquaah.Appstore;
				PRODUCT_NAME = "$(TARGET_NAME)";
				SUPPORTED_PLATFORMS = "iphoneos iphonesimulator";
				SUPPORTS_MACCATALYST = NO;
				SUPPORTS_MAC_DESIGNED_FOR_IPHONE_IPAD = NO;
				SWIFT_EMIT_LOC_STRINGS = YES;
				SWIFT_VERSION = 5.0;
				TARGETED_DEVICE_FAMILY = "1,2";
			};
			name = Debug;
		};
		B184CB382A83C33F00BEF995 /* Release */ = {
			isa = XCBuildConfiguration;
			baseConfigurationReference = DC9D9EE83F1437B28266935A /* Pods-Appstore.release.xcconfig */;
			buildSettings = {
				ASSETCATALOG_COMPILER_APPICON_NAME = AppIcon;
				ASSETCATALOG_COMPILER_GLOBAL_ACCENT_COLOR_NAME = AccentColor;
				CODE_SIGN_STYLE = Automatic;
				CURRENT_PROJECT_VERSION = 1;
				DEVELOPMENT_TEAM = WMC779X7J9;
				GENERATE_INFOPLIST_FILE = YES;
				INFOPLIST_FILE = Appstore/Resources/Info.plist;
				INFOPLIST_KEY_UIApplicationSupportsIndirectInputEvents = YES;
				INFOPLIST_KEY_UILaunchStoryboardName = LaunchScreen;
				INFOPLIST_KEY_UIMainStoryboardFile = Main;
				INFOPLIST_KEY_UISupportedInterfaceOrientations = UIInterfaceOrientationPortrait;
				INFOPLIST_KEY_UIUserInterfaceStyle = Light;
				IPHONEOS_DEPLOYMENT_TARGET = 13.0;
				LD_RUNPATH_SEARCH_PATHS = (
					"$(inherited)",
					"@executable_path/Frameworks",
				);
				MARKETING_VERSION = 1.0;
				PRODUCT_BUNDLE_IDENTIFIER = com.francisAcquaah.Appstore;
				PRODUCT_NAME = "$(TARGET_NAME)";
				SUPPORTED_PLATFORMS = "iphoneos iphonesimulator";
				SUPPORTS_MACCATALYST = NO;
				SUPPORTS_MAC_DESIGNED_FOR_IPHONE_IPAD = NO;
				SWIFT_EMIT_LOC_STRINGS = YES;
				SWIFT_VERSION = 5.0;
				TARGETED_DEVICE_FAMILY = "1,2";
			};
			name = Release;
		};
/* End XCBuildConfiguration section */

/* Begin XCConfigurationList section */
		B184CB1D2A83C33E00BEF995 /* Build configuration list for PBXProject "Appstore" */ = {
			isa = XCConfigurationList;
			buildConfigurations = (
				B184CB342A83C33F00BEF995 /* Debug */,
				B184CB352A83C33F00BEF995 /* Release */,
			);
			defaultConfigurationIsVisible = 0;
			defaultConfigurationName = Release;
		};
		B184CB362A83C33F00BEF995 /* Build configuration list for PBXNativeTarget "Appstore" */ = {
			isa = XCConfigurationList;
			buildConfigurations = (
				B184CB372A83C33F00BEF995 /* Debug */,
				B184CB382A83C33F00BEF995 /* Release */,
			);
			defaultConfigurationIsVisible = 0;
			defaultConfigurationName = Release;
		};
/* End XCConfigurationList section */
	};
	rootObject = B184CB1A2A83C33E00BEF995 /* Project object */;
}
